
Microsoft Visual Studio Solution File, Format Version 12.00
# Visual Studio Version 17
VisualStudioVersion = 17.9.34701.34
MinimumVisualStudioVersion = 10.0.40219.1
Project("{FAE04EC0-301F-11D3-BF4B-00C04F79EFBC}") = "Recipes", "Recipes\Recipes.csproj", "{A35DB366-014D-4749-A5AB-C57E5346EF6D}"
EndProject
Global
	GlobalSection(SolutionConfigurationPlatforms) = preSolution
		Debug|Any CPU = Debug|Any CPU
		Release|Any CPU = Release|Any CPU
	EndGlobalSection
	GlobalSection(ProjectConfigurationPlatforms) = postSolution
		{A35DB366-014D-4749-A5AB-C57E5346EF6D}.Debug|Any CPU.ActiveCfg = Debug|Any CPU
		{A35DB366-014D-4749-A5AB-C57E5346EF6D}.Debug|Any CPU.Build.0 = Debug|Any CPU
		{A35DB366-014D-4749-A5AB-C57E5346EF6D}.Release|Any CPU.ActiveCfg = Release|Any CPU
		{A35DB366-014D-4749-A5AB-C57E5346EF6D}.Release|Any CPU.Build.0 = Release|Any CPU
	EndGlobalSection
	GlobalSection(SolutionProperties) = preSolution
		HideSolutionNode = FALSE
	EndGlobalSection
	GlobalSection(ExtensibilityGlobals) = postSolution
		SolutionGuid = {B5F74C9C-AAF9-4F2A-848A-AEC61E30A8DB}
	EndGlobalSection
EndGlobal
